
Microsoft Visual Studio Solution File, Format Version 12.00
# Visual Studio Version 16
VisualStudioVersion = 16.0.30804.86
MinimumVisualStudioVersion = 10.0.40219.1
Project("{FAE04EC0-301F-11D3-BF4B-00C04F79EFBC}") = "Pluggable Adapter 2", "Pluggable Adapter 2\Pluggable Adapter 2.csproj", "{F79E50F0-AE47-4670-8D24-2E94A5C2A57F}"
EndProject
Global
	GlobalSection(SolutionConfigurationPlatforms) = preSolution
		Debug|Any CPU = Debug|Any CPU
		Release|Any CPU = Release|Any CPU
	EndGlobalSection
	GlobalSection(ProjectConfigurationPlatforms) = postSolution
		{F79E50F0-AE47-4670-8D24-2E94A5C2A57F}.Debug|Any CPU.ActiveCfg = Debug|Any CPU
		{F79E50F0-AE47-4670-8D24-2E94A5C2A57F}.Debug|Any CPU.Build.0 = Debug|Any CPU
		{F79E50F0-AE47-4670-8D24-2E94A5C2A57F}.Release|Any CPU.ActiveCfg = Release|Any CPU
		{F79E50F0-AE47-4670-8D24-2E94A5C2A57F}.Release|Any CPU.Build.0 = Release|Any CPU
	EndGlobalSection
	GlobalSection(SolutionProperties) = preSolution
		HideSolutionNode = FALSE
	EndGlobalSection
	GlobalSection(ExtensibilityGlobals) = postSolution
		SolutionGuid = {D1673BA5-F084-490F-BE36-1854B298EC5C}
	EndGlobalSection
EndGlobal
